
Microsoft Visual Studio Solution File, Format Version 12.00
# Visual Studio 2012
Project("{FAE04EC0-301F-11D3-BF4B-00C04F79EFBC}") = "CodeCrib.AX.Manage", "CodeCrib.AX.Manage\CodeCrib.AX.Manage.csproj", "{9696D89C-9DF8-43D0-B870-CBD4CABC8BA1}"
EndProject
Project("{FAE04EC0-301F-11D3-BF4B-00C04F79EFBC}") = "AxManage", "AxManage\AxManage.csproj", "{8BB6FBE2-5182-48CB-B5A2-2D5182A9FE39}"
EndProject
Project("{FAE04EC0-301F-11D3-BF4B-00C04F79EFBC}") = "CodeCrib.AX.Manage.PowerShell", "CodeCrib.AX.Manage.PowerShell\CodeCrib.AX.Manage.PowerShell.csproj", "{910DDB69-0CE4-4486-B5E3-C2F6EC2422DF}"
EndProject
Global
	GlobalSection(SolutionConfigurationPlatforms) = preSolution
		Debug|Any CPU = Debug|Any CPU
		Release|Any CPU = Release|Any CPU
	EndGlobalSection
	GlobalSection(ProjectConfigurationPlatforms) = postSolution
		{9696D89C-9DF8-43D0-B870-CBD4CABC8BA1}.Debug|Any CPU.ActiveCfg = Debug|Any CPU
		{9696D89C-9DF8-43D0-B870-CBD4CABC8BA1}.Debug|Any CPU.Build.0 = Debug|Any CPU
		{9696D89C-9DF8-43D0-B870-CBD4CABC8BA1}.Release|Any CPU.ActiveCfg = Release|Any CPU
		{9696D89C-9DF8-43D0-B870-CBD4CABC8BA1}.Release|Any CPU.Build.0 = Release|Any CPU
		{8BB6FBE2-5182-48CB-B5A2-2D5182A9FE39}.Debug|Any CPU.ActiveCfg = Debug|Any CPU
		{8BB6FBE2-5182-48CB-B5A2-2D5182A9FE39}.Debug|Any CPU.Build.0 = Debug|Any CPU
		{8BB6FBE2-5182-48CB-B5A2-2D5182A9FE39}.Release|Any CPU.ActiveCfg = Release|Any CPU
		{8BB6FBE2-5182-48CB-B5A2-2D5182A9FE39}.Release|Any CPU.Build.0 = Release|Any CPU
		{910DDB69-0CE4-4486-B5E3-C2F6EC2422DF}.Debug|Any CPU.ActiveCfg = Debug|Any CPU
		{910DDB69-0CE4-4486-B5E3-C2F6EC2422DF}.Debug|Any CPU.Build.0 = Debug|Any CPU
		{910DDB69-0CE4-4486-B5E3-C2F6EC2422DF}.Release|Any CPU.ActiveCfg = Release|Any CPU
		{910DDB69-0CE4-4486-B5E3-C2F6EC2422DF}.Release|Any CPU.Build.0 = Release|Any CPU
	EndGlobalSection
	GlobalSection(SolutionProperties) = preSolution
		HideSolutionNode = FALSE
	EndGlobalSection
EndGlobal
