
Microsoft Visual Studio Solution File, Format Version 12.00
# Visual Studio 2012
Project("{FAE04EC0-301F-11D3-BF4B-00C04F79EFBC}") = "CodeCrib.AX.TFS", "CodeCrib.AX.TFS\CodeCrib.AX.TFS.csproj", "{F622C66F-77C0-4965-B9CD-3871BC9EB71B}"
EndProject
Project("{FAE04EC0-301F-11D3-BF4B-00C04F79EFBC}") = "CodeCrib.AX.Client", "..\CodeCrib.AX.Client\CodeCrib.AX.Client\CodeCrib.AX.Client.csproj", "{9F793FC4-3616-44FA-8CED-6475C840BE00}"
EndProject
Project("{FAE04EC0-301F-11D3-BF4B-00C04F79EFBC}") = "CodeCrib.AX.Config", "..\CodeCrib.AX.Config\CodeCrib.AX.Config\CodeCrib.AX.Config.csproj", "{E84F034B-0FEA-49A6-8CBA-B801CB494533}"
EndProject
Project("{FAE04EC0-301F-11D3-BF4B-00C04F79EFBC}") = "CodeCrib.AX.Manage", "..\CodeCrib.AX.Manage\CodeCrib.AX.Manage\CodeCrib.AX.Manage.csproj", "{9696D89C-9DF8-43D0-B870-CBD4CABC8BA1}"
EndProject
Project("{FAE04EC0-301F-11D3-BF4B-00C04F79EFBC}") = "CodeCrib.AX.Sql", "..\CodeCrib.AX.Sql\CodeCrib.AX.Sql\CodeCrib.AX.Sql.csproj", "{5D785EF3-ABF3-4038-8711-DE346D55C5D3}"
EndProject
Project("{FAE04EC0-301F-11D3-BF4B-00C04F79EFBC}") = "CodeCrib.AX.AXBuild", "..\CodeCrib.AX.AXBuild\CodeCrib.AX.AXBuild\CodeCrib.AX.AXBuild.csproj", "{C1E5B831-90A6-4AB5-80DD-7918F817AFE7}"
EndProject
Global
	GlobalSection(SolutionConfigurationPlatforms) = preSolution
		Debug|Any CPU = Debug|Any CPU
		Release|Any CPU = Release|Any CPU
	EndGlobalSection
	GlobalSection(ProjectConfigurationPlatforms) = postSolution
		{F622C66F-77C0-4965-B9CD-3871BC9EB71B}.Debug|Any CPU.ActiveCfg = Debug|Any CPU
		{F622C66F-77C0-4965-B9CD-3871BC9EB71B}.Debug|Any CPU.Build.0 = Debug|Any CPU
		{F622C66F-77C0-4965-B9CD-3871BC9EB71B}.Release|Any CPU.ActiveCfg = Release|Any CPU
		{F622C66F-77C0-4965-B9CD-3871BC9EB71B}.Release|Any CPU.Build.0 = Release|Any CPU
		{9F793FC4-3616-44FA-8CED-6475C840BE00}.Debug|Any CPU.ActiveCfg = Debug|Any CPU
		{9F793FC4-3616-44FA-8CED-6475C840BE00}.Debug|Any CPU.Build.0 = Debug|Any CPU
		{9F793FC4-3616-44FA-8CED-6475C840BE00}.Release|Any CPU.ActiveCfg = Release|Any CPU
		{9F793FC4-3616-44FA-8CED-6475C840BE00}.Release|Any CPU.Build.0 = Release|Any CPU
		{E84F034B-0FEA-49A6-8CBA-B801CB494533}.Debug|Any CPU.ActiveCfg = Debug|Any CPU
		{E84F034B-0FEA-49A6-8CBA-B801CB494533}.Debug|Any CPU.Build.0 = Debug|Any CPU
		{E84F034B-0FEA-49A6-8CBA-B801CB494533}.Release|Any CPU.ActiveCfg = Release|Any CPU
		{E84F034B-0FEA-49A6-8CBA-B801CB494533}.Release|Any CPU.Build.0 = Release|Any CPU
		{9696D89C-9DF8-43D0-B870-CBD4CABC8BA1}.Debug|Any CPU.ActiveCfg = Debug|Any CPU
		{9696D89C-9DF8-43D0-B870-CBD4CABC8BA1}.Debug|Any CPU.Build.0 = Debug|Any CPU
		{9696D89C-9DF8-43D0-B870-CBD4CABC8BA1}.Release|Any CPU.ActiveCfg = Release|Any CPU
		{9696D89C-9DF8-43D0-B870-CBD4CABC8BA1}.Release|Any CPU.Build.0 = Release|Any CPU
		{5D785EF3-ABF3-4038-8711-DE346D55C5D3}.Debug|Any CPU.ActiveCfg = Debug|Any CPU
		{5D785EF3-ABF3-4038-8711-DE346D55C5D3}.Debug|Any CPU.Build.0 = Debug|Any CPU
		{5D785EF3-ABF3-4038-8711-DE346D55C5D3}.Release|Any CPU.ActiveCfg = Release|Any CPU
		{5D785EF3-ABF3-4038-8711-DE346D55C5D3}.Release|Any CPU.Build.0 = Release|Any CPU
		{C1E5B831-90A6-4AB5-80DD-7918F817AFE7}.Debug|Any CPU.ActiveCfg = Debug|Any CPU
		{C1E5B831-90A6-4AB5-80DD-7918F817AFE7}.Debug|Any CPU.Build.0 = Debug|Any CPU
		{C1E5B831-90A6-4AB5-80DD-7918F817AFE7}.Release|Any CPU.ActiveCfg = Release|Any CPU
		{C1E5B831-90A6-4AB5-80DD-7918F817AFE7}.Release|Any CPU.Build.0 = Release|Any CPU
	EndGlobalSection
	GlobalSection(SolutionProperties) = preSolution
		HideSolutionNode = FALSE
	EndGlobalSection
EndGlobal
