
Microsoft Visual Studio Solution File, Format Version 12.00
# Visual Studio 2013
VisualStudioVersion = 12.0.21005.1
MinimumVisualStudioVersion = 10.0.40219.1
Project("{FAE04EC0-301F-11D3-BF4B-00C04F79EFBC}") = "CodeCrib.AX.Sql", "CodeCrib.AX.Sql\CodeCrib.AX.Sql.csproj", "{5D785EF3-ABF3-4038-8711-DE346D55C5D3}"
EndProject
Project("{FAE04EC0-301F-11D3-BF4B-00C04F79EFBC}") = "CodeCrib.AX.Sql.PowerShell", "CodeCrib.AX.Sql.PowerShell\CodeCrib.AX.Sql.PowerShell.csproj", "{D6765785-9568-4A8C-A6CB-6AEEBEC7ACC1}"
EndProject
Global
	GlobalSection(SolutionConfigurationPlatforms) = preSolution
		Debug|Any CPU = Debug|Any CPU
		Release|Any CPU = Release|Any CPU
	EndGlobalSection
	GlobalSection(ProjectConfigurationPlatforms) = postSolution
		{5D785EF3-ABF3-4038-8711-DE346D55C5D3}.Debug|Any CPU.ActiveCfg = Debug|Any CPU
		{5D785EF3-ABF3-4038-8711-DE346D55C5D3}.Debug|Any CPU.Build.0 = Debug|Any CPU
		{5D785EF3-ABF3-4038-8711-DE346D55C5D3}.Release|Any CPU.ActiveCfg = Release|Any CPU
		{5D785EF3-ABF3-4038-8711-DE346D55C5D3}.Release|Any CPU.Build.0 = Release|Any CPU
		{D6765785-9568-4A8C-A6CB-6AEEBEC7ACC1}.Debug|Any CPU.ActiveCfg = Debug|Any CPU
		{D6765785-9568-4A8C-A6CB-6AEEBEC7ACC1}.Debug|Any CPU.Build.0 = Debug|Any CPU
		{D6765785-9568-4A8C-A6CB-6AEEBEC7ACC1}.Release|Any CPU.ActiveCfg = Release|Any CPU
		{D6765785-9568-4A8C-A6CB-6AEEBEC7ACC1}.Release|Any CPU.Build.0 = Release|Any CPU
	EndGlobalSection
	GlobalSection(SolutionProperties) = preSolution
		HideSolutionNode = FALSE
	EndGlobalSection
EndGlobal
