
Microsoft Visual Studio Solution File, Format Version 12.00
# Visual Studio 2012
Project("{FAE04EC0-301F-11D3-BF4B-00C04F79EFBC}") = "CodeCrib.AX.Config", "CodeCrib.AX.Config\CodeCrib.AX.Config.csproj", "{E84F034B-0FEA-49A6-8CBA-B801CB494533}"
EndProject
Project("{FAE04EC0-301F-11D3-BF4B-00C04F79EFBC}") = "CodeCrib.AX.Config.PowerShell", "CodeCrib.AX.Config.PowerShell\CodeCrib.AX.Config.PowerShell.csproj", "{CD47D20E-260C-4D33-A3E7-A0E9A801DF58}"
EndProject
Project("{FAE04EC0-301F-11D3-BF4B-00C04F79EFBC}") = "AxConfig", "AxConfig\AxConfig.csproj", "{0E0847B8-6684-44E4-8326-61BD7CF3BE61}"
EndProject
Global
	GlobalSection(SolutionConfigurationPlatforms) = preSolution
		Debug|Any CPU = Debug|Any CPU
		Release|Any CPU = Release|Any CPU
	EndGlobalSection
	GlobalSection(ProjectConfigurationPlatforms) = postSolution
		{E84F034B-0FEA-49A6-8CBA-B801CB494533}.Debug|Any CPU.ActiveCfg = Debug|Any CPU
		{E84F034B-0FEA-49A6-8CBA-B801CB494533}.Debug|Any CPU.Build.0 = Debug|Any CPU
		{E84F034B-0FEA-49A6-8CBA-B801CB494533}.Release|Any CPU.ActiveCfg = Release|Any CPU
		{E84F034B-0FEA-49A6-8CBA-B801CB494533}.Release|Any CPU.Build.0 = Release|Any CPU
		{CD47D20E-260C-4D33-A3E7-A0E9A801DF58}.Debug|Any CPU.ActiveCfg = Debug|Any CPU
		{CD47D20E-260C-4D33-A3E7-A0E9A801DF58}.Debug|Any CPU.Build.0 = Debug|Any CPU
		{CD47D20E-260C-4D33-A3E7-A0E9A801DF58}.Release|Any CPU.ActiveCfg = Release|Any CPU
		{CD47D20E-260C-4D33-A3E7-A0E9A801DF58}.Release|Any CPU.Build.0 = Release|Any CPU
		{0E0847B8-6684-44E4-8326-61BD7CF3BE61}.Debug|Any CPU.ActiveCfg = Debug|Any CPU
		{0E0847B8-6684-44E4-8326-61BD7CF3BE61}.Debug|Any CPU.Build.0 = Debug|Any CPU
		{0E0847B8-6684-44E4-8326-61BD7CF3BE61}.Release|Any CPU.ActiveCfg = Release|Any CPU
		{0E0847B8-6684-44E4-8326-61BD7CF3BE61}.Release|Any CPU.Build.0 = Release|Any CPU
	EndGlobalSection
	GlobalSection(SolutionProperties) = preSolution
		HideSolutionNode = FALSE
	EndGlobalSection
EndGlobal
